
Microsoft Visual Studio Solution File, Format Version 12.00
# Visual Studio 15
Project("{FAE04EC0-301F-11D3-BF4B-00C04F79EFBC}") = "Encoding", "Encoding\Encoding.csproj", "{AC8A0797-96D7-4FBD-B3AE-4B80C7B3B8A6}"
EndProject
Global
	GlobalSection(SolutionConfigurationPlatforms) = preSolution
		Debug|Any CPU = Debug|Any CPU
		Release|Any CPU = Release|Any CPU
	EndGlobalSection
	GlobalSection(ProjectConfigurationPlatforms) = postSolution
		{AC8A0797-96D7-4FBD-B3AE-4B80C7B3B8A6}.Debug|Any CPU.ActiveCfg = Debug|Any CPU
		{AC8A0797-96D7-4FBD-B3AE-4B80C7B3B8A6}.Debug|Any CPU.Build.0 = Debug|Any CPU
		{AC8A0797-96D7-4FBD-B3AE-4B80C7B3B8A6}.Release|Any CPU.ActiveCfg = Release|Any CPU
		{AC8A0797-96D7-4FBD-B3AE-4B80C7B3B8A6}.Release|Any CPU.Build.0 = Release|Any CPU
	EndGlobalSection
EndGlobal
